{
    "_readme": [
        "This file locks the dependencies of your project to a known state",
        "Read more about it at https://getcomposer.org/doc/01-basic-usage.md#installing-dependencies",
        "This file is @generated automatically"
    ],
    "content-hash": "361c04314f8e7f2eefa640c023b6dad4",
    "packages": [
        {
            "name": "bar/baz",
            "version": "2.0",
            "require": {
                "laminas/laminas-mvc": "^3.1"
            },
            "type": "metapackage"
        },
        {
            "name": "container-interop/container-interop",
            "version": "1.2.0",
            "source": {
                "type": "git",
                "url": "https://github.com/container-interop/container-interop.git",
                "reference": "79cbf1341c22ec75643d841642dd5d6acd83bdb8"
            },
            "dist": {
                "type": "zip",
                "url": "https://api.github.com/repos/container-interop/container-interop/zipball/79cbf1341c22ec75643d841642dd5d6acd83bdb8",
                "reference": "79cbf1341c22ec75643d841642dd5d6acd83bdb8",
                "shasum": ""
            },
            "require": {
                "psr/container": "^1.0"
            },
            "type": "library",
            "autoload": {
                "psr-4": {
                    "Interop\\Container\\": "src/Interop/Container/"
                }
            },
            "notification-url": "https://packagist.org/downloads/",
            "license": [
                "MIT"
            ],
            "description": "Promoting the interoperability of container objects (DIC, SL, etc.)",
            "homepage": "https://github.com/container-interop/container-interop",
            "abandoned": "psr/container",
            "time": "2017-02-14T19:40:03+00:00"
        },
        {
            "name": "foo/bar",
            "version": "1.1",
            "require": {
                "bar/baz": "^2.0"
            },
            "type": "metapackage"
        },
        {
            "name": "laminas/laminas-config",
            "version": "3.3.0",
            "source": {
                "type": "git",
                "url": "https://github.com/laminas/laminas-config.git",
                "reference": "b8fe057f55e69a0e7a2e4ced79218a43f58606a8"
            },
            "dist": {
                "type": "zip",
                "url": "https://api.github.com/repos/laminas/laminas-config/zipball/b8fe057f55e69a0e7a2e4ced79218a43f58606a8",
                "reference": "b8fe057f55e69a0e7a2e4ced79218a43f58606a8",
                "shasum": ""
            },
            "require": {
                "ext-json": "*",
                "laminas/laminas-stdlib": "^2.7.7 || ^3.1",
                "laminas/laminas-zendframework-bridge": "^1.0",
                "php": "^5.6 || ^7.0",
                "psr/container": "^1.0"
            },
            "conflict": {
                "container-interop/container-interop": "<1.2.0"
            },
            "replace": {
                "zendframework/zend-config": "self.version"
            },
            "require-dev": {
                "laminas/laminas-coding-standard": "~1.0.0",
                "laminas/laminas-filter": "^2.7.2",
                "laminas/laminas-i18n": "^2.7.4",
                "laminas/laminas-servicemanager": "^2.7.8 || ^3.3",
                "malukenho/docheader": "^0.1.6",
                "phpunit/phpunit": "^5.7.27 || ^6.5.8 || ^7.1.2"
            },
            "suggest": {
                "laminas/laminas-filter": "^2.7.2; install if you want to use the Filter processor",
                "laminas/laminas-i18n": "^2.7.4; install if you want to use the Translator processor",
                "laminas/laminas-servicemanager": "^2.7.8 || ^3.3; if you need an extensible plugin manager for use with the Config Factory"
            },
            "type": "library",
            "extra": {
                "branch-alias": {
                    "dev-master": "3.3.x-dev",
                    "dev-develop": "3.4.x-dev"
                }
            },
            "autoload": {
                "psr-4": {
                    "Laminas\\Config\\": "src/"
                }
            },
            "notification-url": "https://packagist.org/downloads/",
            "license": [
                "BSD-3-Clause"
            ],
            "description": "provides a nested object property based user interface for accessing this configuration data within application code",
            "homepage": "https://laminas.dev",
            "keywords": [
                "config",
                "laminas"
            ],
            "time": "2019-12-31T16:30:11+00:00"
        },
        {
            "name": "laminas/laminas-dependency-plugin",
            "version": "dev-develop",
            "dist": {
                "type": "path",
                "url": "/tmp/laminas-dependency-plugin",
                "reference": "bc573d4cd22bcd4c7aa03825ebb07ee0f56728cd"
            },
            "require": {
                "composer-plugin-api": "^1.1 || ^2.0",
                "php": "^5.6 || ^7.0"
            },
            "require-dev": {
                "composer/composer": "^1.9 || ^2.0@dev",
                "mikey179/vfsstream": "^1.6",
                "phpcompatibility/php-compatibility": "^9.3",
                "roave/security-advisories": "dev-master"
            },
            "type": "composer-plugin",
            "extra": {
                "branch-alias": {
                    "dev-master": "1.0.x-dev",
                    "dev-develop": "1.1.x-dev"
                },
                "class": "Laminas\\DependencyPlugin\\DependencyRewriterPlugin"
            },
            "autoload": {
                "psr-4": {
                    "Laminas\\DependencyPlugin\\": "src/"
                }
            },
            "autoload-dev": {
                "psr-4": {
                    "LaminasTest\\DependencyPlugin\\": "test/"
                }
            },
            "scripts": {
                "check": [
                    "@cs-check",
                    "@test"
                ],
                "cs-check": [
                    "phpcs"
                ],
                "cs-fix": [
                    "phpcbf"
                ],
                "test": [
                    "phpunit --colors=always"
                ],
                "test-coverage": [
                    "phpunit --colors=always --coverage-clover clover.xml"
                ]
            },
            "license": [
                "BSD-3-Clause"
            ],
            "description": "Replace zendframework and zfcampus packages with their Laminas Project equivalents.",
            "transport-options": {
                "relative": false
            }
        },
        {
            "name": "laminas/laminas-escaper",
            "version": "2.6.1",
            "source": {
                "type": "git",
                "url": "https://github.com/laminas/laminas-escaper.git",
                "reference": "25f2a053eadfa92ddacb609dcbbc39362610da70"
            },
            "dist": {
                "type": "zip",
                "url": "https://api.github.com/repos/laminas/laminas-escaper/zipball/25f2a053eadfa92ddacb609dcbbc39362610da70",
                "reference": "25f2a053eadfa92ddacb609dcbbc39362610da70",
                "shasum": ""
            },
            "require": {
                "laminas/laminas-zendframework-bridge": "^1.0",
                "php": "^5.6 || ^7.0"
            },
            "replace": {
                "zendframework/zend-escaper": "self.version"
            },
            "require-dev": {
                "laminas/laminas-coding-standard": "~1.0.0",
                "phpunit/phpunit": "^5.7.27 || ^6.5.8 || ^7.1.2"
            },
            "type": "library",
            "extra": {
                "branch-alias": {
                    "dev-master": "2.6.x-dev",
                    "dev-develop": "2.7.x-dev"
                }
            },
            "autoload": {
                "psr-4": {
                    "Laminas\\Escaper\\": "src/"
                }
            },
            "notification-url": "https://packagist.org/downloads/",
            "license": [
                "BSD-3-Clause"
            ],
            "description": "Securely and safely escape HTML, HTML attributes, JavaScript, CSS, and URLs",
            "homepage": "https://laminas.dev",
            "keywords": [
                "escaper",
                "laminas"
            ],
            "time": "2019-12-31T16:43:30+00:00"
        },
        {
            "name": "laminas/laminas-eventmanager",
            "version": "3.2.1",
            "source": {
                "type": "git",
                "url": "https://github.com/laminas/laminas-eventmanager.git",
                "reference": "ce4dc0bdf3b14b7f9815775af9dfee80a63b4748"
            },
            "dist": {
                "type": "zip",
                "url": "https://api.github.com/repos/laminas/laminas-eventmanager/zipball/ce4dc0bdf3b14b7f9815775af9dfee80a63b4748",
                "reference": "ce4dc0bdf3b14b7f9815775af9dfee80a63b4748",
                "shasum": ""
            },
            "require": {
                "laminas/laminas-zendframework-bridge": "^1.0",
                "php": "^5.6 || ^7.0"
            },
            "replace": {
                "zendframework/zend-eventmanager": "self.version"
            },
            "require-dev": {
                "athletic/athletic": "^0.1",
                "container-interop/container-interop": "^1.1.0",
                "laminas/laminas-coding-standard": "~1.0.0",
                "laminas/laminas-stdlib": "^2.7.3 || ^3.0",
                "phpunit/phpunit": "^5.7.27 || ^6.5.8 || ^7.1.2"
            },
            "suggest": {
                "container-interop/container-interop": "^1.1.0, to use the lazy listeners feature",
                "laminas/laminas-stdlib": "^2.7.3 || ^3.0, to use the FilterChain feature"
            },
            "type": "library",
            "extra": {
                "branch-alias": {
                    "dev-master": "3.2-dev",
                    "dev-develop": "3.3-dev"
                }
            },
            "autoload": {
                "psr-4": {
                    "Laminas\\EventManager\\": "src/"
                }
            },
            "notification-url": "https://packagist.org/downloads/",
            "license": [
                "BSD-3-Clause"
            ],
            "description": "Trigger and listen to events within a PHP application",
            "homepage": "https://laminas.dev",
            "keywords": [
                "event",
                "eventmanager",
                "events",
                "laminas"
            ],
            "time": "2019-12-31T16:44:52+00:00"
        },
        {
            "name": "laminas/laminas-http",
            "version": "2.11.2",
            "source": {
                "type": "git",
                "url": "https://github.com/laminas/laminas-http.git",
                "reference": "8c66963b933c80da59433da56a44dfa979f3ec88"
            },
            "dist": {
                "type": "zip",
                "url": "https://api.github.com/repos/laminas/laminas-http/zipball/8c66963b933c80da59433da56a44dfa979f3ec88",
                "reference": "8c66963b933c80da59433da56a44dfa979f3ec88",
                "shasum": ""
            },
            "require": {
                "laminas/laminas-loader": "^2.5.1",
                "laminas/laminas-stdlib": "^3.2.1",
                "laminas/laminas-uri": "^2.5.2",
                "laminas/laminas-validator": "^2.10.1",
                "laminas/laminas-zendframework-bridge": "^1.0",
                "php": "^5.6 || ^7.0"
            },
            "replace": {
                "zendframework/zend-http": "self.version"
            },
            "require-dev": {
                "laminas/laminas-coding-standard": "~1.0.0",
                "laminas/laminas-config": "^3.1 || ^2.6",
                "phpunit/phpunit": "^5.7.27 || ^6.5.8 || ^7.1.3"
            },
            "suggest": {
                "paragonie/certainty": "For automated management of cacert.pem"
            },
            "type": "library",
            "extra": {
                "branch-alias": {
                    "dev-master": "2.11.x-dev",
                    "dev-develop": "2.12.x-dev"
                }
            },
            "autoload": {
                "psr-4": {
                    "Laminas\\Http\\": "src/"
                }
            },
            "notification-url": "https://packagist.org/downloads/",
            "license": [
                "BSD-3-Clause"
            ],
            "description": "Provides an easy interface for performing Hyper-Text Transfer Protocol (HTTP) requests",
            "homepage": "https://laminas.dev",
            "keywords": [
                "http",
                "http client",
                "laminas"
            ],
            "time": "2019-12-31T17:02:36+00:00"
        },
        {
            "name": "laminas/laminas-json",
            "version": "3.1.2",
            "source": {
                "type": "git",
                "url": "https://github.com/laminas/laminas-json.git",
                "reference": "00dc0da7b5e5018904c5c4a8e80a5faa16c2c1c6"
            },
            "dist": {
                "type": "zip",
                "url": "https://api.github.com/repos/laminas/laminas-json/zipball/00dc0da7b5e5018904c5c4a8e80a5faa16c2c1c6",
                "reference": "00dc0da7b5e5018904c5c4a8e80a5faa16c2c1c6",
                "shasum": ""
            },
            "require": {
                "laminas/laminas-zendframework-bridge": "^1.0",
                "php": "^5.6 || ^7.0"
            },
            "replace": {
                "zendframework/zend-json": "self.version"
            },
            "require-dev": {
                "laminas/laminas-coding-standard": "~1.0.0",
                "laminas/laminas-stdlib": "^2.7.7 || ^3.1",
                "phpunit/phpunit": "^5.7.23 || ^6.4.3"
            },
            "suggest": {
                "laminas/laminas-json-server": "For implementing JSON-RPC servers",
                "laminas/laminas-xml2json": "For converting XML documents to JSON"
            },
            "type": "library",
            "extra": {
                "branch-alias": {
                    "dev-master": "3.1.x-dev",
                    "dev-develop": "3.2.x-dev"
                }
            },
            "autoload": {
                "psr-4": {
                    "Laminas\\Json\\": "src/"
                }
            },
            "notification-url": "https://packagist.org/downloads/",
            "license": [
                "BSD-3-Clause"
            ],
            "description": "provides convenience methods for serializing native PHP to JSON and decoding JSON to native PHP",
            "homepage": "https://laminas.dev",
            "keywords": [
                "json",
                "laminas"
            ],
            "time": "2019-12-31T17:15:04+00:00"
        },
        {
            "name": "laminas/laminas-loader",
            "version": "2.6.1",
            "source": {
                "type": "git",
                "url": "https://github.com/laminas/laminas-loader.git",
                "reference": "5d01c2c237ae9e68bec262f339947e2ea18979bc"
            },
            "dist": {
                "type": "zip",
                "url": "https://api.github.com/repos/laminas/laminas-loader/zipball/5d01c2c237ae9e68bec262f339947e2ea18979bc",
                "reference": "5d01c2c237ae9e68bec262f339947e2ea18979bc",
                "shasum": ""
            },
            "require": {
                "laminas/laminas-zendframework-bridge": "^1.0",
                "php": "^5.6 || ^7.0"
            },
            "replace": {
                "zendframework/zend-loader": "self.version"
            },
            "require-dev": {
                "laminas/laminas-coding-standard": "~1.0.0",
                "phpunit/phpunit": "^5.7.27 || ^6.5.8 || ^7.1.4"
            },
            "type": "library",
            "extra": {
                "branch-alias": {
                    "dev-master": "2.6.x-dev",
                    "dev-develop": "2.7.x-dev"
                }
            },
            "autoload": {
                "psr-4": {
                    "Laminas\\Loader\\": "src/"
                }
            },
            "notification-url": "https://packagist.org/downloads/",
            "license": [
                "BSD-3-Clause"
            ],
            "description": "Autoloading and plugin loading strategies",
            "homepage": "https://laminas.dev",
            "keywords": [
                "laminas",
                "loader"
            ],
            "time": "2019-12-31T17:18:27+00:00"
        },
        {
            "name": "laminas/laminas-modulemanager",
            "version": "2.8.4",
            "source": {
                "type": "git",
                "url": "https://github.com/laminas/laminas-modulemanager.git",
                "reference": "92b1cde1aab5aef687b863face6dd5d9c6751c78"
            },
            "dist": {
                "type": "zip",
                "url": "https://api.github.com/repos/laminas/laminas-modulemanager/zipball/92b1cde1aab5aef687b863face6dd5d9c6751c78",
                "reference": "92b1cde1aab5aef687b863face6dd5d9c6751c78",
                "shasum": ""
            },
            "require": {
                "laminas/laminas-config": "^3.1 || ^2.6",
                "laminas/laminas-eventmanager": "^3.2 || ^2.6.3",
                "laminas/laminas-stdlib": "^3.1 || ^2.7",
                "laminas/laminas-zendframework-bridge": "^1.0",
                "php": "^5.6 || ^7.0"
            },
            "replace": {
                "zendframework/zend-modulemanager": "self.version"
            },
            "require-dev": {
                "laminas/laminas-coding-standard": "~1.0.0",
                "laminas/laminas-console": "^2.6",
                "laminas/laminas-di": "^2.6",
                "laminas/laminas-loader": "^2.5",
                "laminas/laminas-mvc": "^3.0 || ^2.7",
                "laminas/laminas-servicemanager": "^3.0.3 || ^2.7.5",
                "phpunit/phpunit": "^5.7.27 || ^6.5.14 || ^7.5.16"
            },
            "suggest": {
                "laminas/laminas-console": "Laminas\\Console component",
                "laminas/laminas-loader": "Laminas\\Loader component if you are not using Composer autoloading for your modules",
                "laminas/laminas-mvc": "Laminas\\Mvc component",
                "laminas/laminas-servicemanager": "Laminas\\ServiceManager component"
            },
            "type": "library",
            "extra": {
                "branch-alias": {
                    "dev-master": "2.8.x-dev",
                    "dev-develop": "2.9.x-dev"
                }
            },
            "autoload": {
                "psr-4": {
                    "Laminas\\ModuleManager\\": "src/"
                }
            },
            "notification-url": "https://packagist.org/downloads/",
            "license": [
                "BSD-3-Clause"
            ],
            "description": "Modular application system for laminas-mvc applications",
            "homepage": "https://laminas.dev",
            "keywords": [
                "laminas",
                "modulemanager"
            ],
            "time": "2019-12-31T17:26:56+00:00"
        },
        {
            "name": "laminas/laminas-mvc",
            "version": "3.1.1",
            "source": {
                "type": "git",
                "url": "https://github.com/laminas/laminas-mvc.git",
                "reference": "ead09f8ab5ff0e562dbd0198c7f67523c2f61980"
            },
            "dist": {
                "type": "zip",
                "url": "https://api.github.com/repos/laminas/laminas-mvc/zipball/ead09f8ab5ff0e562dbd0198c7f67523c2f61980",
                "reference": "ead09f8ab5ff0e562dbd0198c7f67523c2f61980",
                "shasum": ""
            },
            "require": {
                "container-interop/container-interop": "^1.2",
                "laminas/laminas-eventmanager": "^3.2",
                "laminas/laminas-http": "^2.7",
                "laminas/laminas-modulemanager": "^2.8",
                "laminas/laminas-router": "^3.0.2",
                "laminas/laminas-servicemanager": "^3.3",
                "laminas/laminas-stdlib": "^3.1",
                "laminas/laminas-view": "^2.9",
                "laminas/laminas-zendframework-bridge": "^1.0",
                "php": "^5.6 || ^7.0"
            },
            "replace": {
                "zendframework/zend-mvc": "self.version"
            },
            "require-dev": {
                "http-interop/http-middleware": "^0.4.1",
                "laminas/laminas-coding-standard": "~1.0.0",
                "laminas/laminas-json": "^2.6.1 || ^3.0",
                "laminas/laminas-psr7bridge": "^1.0",
                "laminas/laminas-stratigility": "^2.0.1",
                "phpunit/phpunit": "^6.4.4 || ^5.7.14"
            },
            "suggest": {
                "http-interop/http-middleware": "^0.4.1 to be used together with laminas-stratigility",
                "laminas/laminas-json": "(^2.6.1 || ^3.0) To auto-deserialize JSON body content in AbstractRestfulController extensions, when json_decode is unavailable",
                "laminas/laminas-log": "^2.9.1  To provide log functionality via LogFilterManager, LogFormatterManager, and LogProcessorManager",
                "laminas/laminas-mvc-console": "laminas-mvc-console provides the ability to expose laminas-mvc as a console application",
                "laminas/laminas-mvc-i18n": "laminas-mvc-i18n provides integration with laminas-i18n, including a translation bridge and translatable route segments",
                "laminas/laminas-mvc-plugin-fileprg": "To provide Post/Redirect/Get functionality around forms that container file uploads",
                "laminas/laminas-mvc-plugin-flashmessenger": "To provide flash messaging capabilities between requests",
                "laminas/laminas-mvc-plugin-identity": "To access the authenticated identity (per laminas-authentication) in controllers",
                "laminas/laminas-mvc-plugin-prg": "To provide Post/Redirect/Get functionality within controllers",
                "laminas/laminas-paginator": "^2.7 To provide pagination functionality via PaginatorPluginManager",
                "laminas/laminas-psr7bridge": "(^0.2) To consume PSR-7 middleware within the MVC workflow",
                "laminas/laminas-servicemanager-di": "laminas-servicemanager-di provides utilities for integrating laminas-di and laminas-servicemanager in your laminas-mvc application",
                "laminas/laminas-stratigility": "laminas-stratigility is required to use middleware pipes in the MiddlewareListener"
            },
            "type": "library",
            "extra": {
                "branch-alias": {
                    "dev-master": "3.1-dev",
                    "dev-develop": "3.2-dev"
                }
            },
            "autoload": {
                "psr-4": {
                    "Laminas\\Mvc\\": "src/"
                }
            },
            "notification-url": "https://packagist.org/downloads/",
            "license": [
                "BSD-3-Clause"
            ],
            "description": "Laminas's event-driven MVC layer, including MVC Applications, Controllers, and Plugins",
            "homepage": "https://laminas.dev",
            "keywords": [
                "laminas",
                "mvc"
            ],
            "time": "2019-12-31T17:33:14+00:00"
        },
        {
            "name": "laminas/laminas-router",
            "version": "3.3.2",
            "source": {
                "type": "git",
                "url": "https://github.com/laminas/laminas-router.git",
                "reference": "01a6905202ad41a42ba63d60260eba32b89e18c7"
            },
            "dist": {
                "type": "zip",
                "url": "https://api.github.com/repos/laminas/laminas-router/zipball/01a6905202ad41a42ba63d60260eba32b89e18c7",
                "reference": "01a6905202ad41a42ba63d60260eba32b89e18c7",
                "shasum": ""
            },
            "require": {
                "container-interop/container-interop": "^1.2",
                "laminas/laminas-http": "^2.8.1",
                "laminas/laminas-servicemanager": "^2.7.8 || ^3.3",
                "laminas/laminas-stdlib": "^3.2.1",
                "laminas/laminas-zendframework-bridge": "^1.0",
                "php": "^5.6 || ^7.0"
            },
            "conflict": {
                "laminas/laminas-mvc": "<3.0.0"
            },
            "replace": {
                "zendframework/zend-router": "^3.3.0"
            },
            "require-dev": {
                "laminas/laminas-coding-standard": "~1.0.0",
                "laminas/laminas-i18n": "^2.7.4",
                "phpunit/phpunit": "^5.7.22 || ^6.4.1 || ^7.5.18"
            },
            "suggest": {
                "laminas/laminas-i18n": "^2.7.4, if defining translatable HTTP path segments"
            },
            "type": "library",
            "extra": {
                "branch-alias": {
                    "dev-master": "3.3.x-dev",
                    "dev-develop": "4.0.x-dev"
                },
                "laminas": {
                    "component": "Laminas\\Router",
                    "config-provider": "Laminas\\Router\\ConfigProvider"
                }
            },
            "autoload": {
                "psr-4": {
                    "Laminas\\Router\\": "src/"
                }
            },
            "notification-url": "https://packagist.org/downloads/",
            "license": [
                "BSD-3-Clause"
            ],
            "description": "Flexible routing system for HTTP and console applications",
            "homepage": "https://laminas.dev",
            "keywords": [
                "laminas",
                "mvc",
                "routing"
            ],
            "time": "2020-03-29T13:21:03+00:00"
        },
        {
            "name": "laminas/laminas-servicemanager",
            "version": "3.4.1",
            "source": {
                "type": "git",
                "url": "https://github.com/laminas/laminas-servicemanager.git",
                "reference": "0d4c8628a71fae9f7bd0b1b74b76382e5e9a04b1"
            },
            "dist": {
                "type": "zip",
                "url": "https://api.github.com/repos/laminas/laminas-servicemanager/zipball/0d4c8628a71fae9f7bd0b1b74b76382e5e9a04b1",
                "reference": "0d4c8628a71fae9f7bd0b1b74b76382e5e9a04b1",
                "shasum": ""
            },
            "require": {
                "container-interop/container-interop": "^1.2",
                "laminas/laminas-stdlib": "^3.2.1",
                "laminas/laminas-zendframework-bridge": "^1.0",
                "php": "^5.6 || ^7.0",
                "psr/container": "^1.0"
            },
            "provide": {
                "container-interop/container-interop-implementation": "^1.2",
                "psr/container-implementation": "^1.0"
            },
            "replace": {
                "zendframework/zend-servicemanager": "^3.4.0"
            },
            "require-dev": {
                "laminas/laminas-coding-standard": "~1.0.0",
                "mikey179/vfsstream": "^1.6.5",
                "ocramius/proxy-manager": "^1.0 || ^2.0",
                "phpbench/phpbench": "^0.13.0",
                "phpunit/phpunit": "^5.7.25 || ^6.4.4"
            },
            "suggest": {
                "laminas/laminas-stdlib": "laminas-stdlib ^2.5 if you wish to use the MergeReplaceKey or MergeRemoveKey features in Config instances",
                "ocramius/proxy-manager": "ProxyManager 1.* to handle lazy initialization of services"
            },
            "bin": [
                "bin/generate-deps-for-config-factory",
                "bin/generate-factory-for-class"
            ],
            "type": "library",
            "extra": {
                "branch-alias": {
                    "dev-master": "3.3-dev",
                    "dev-develop": "4.0-dev"
                }
            },
            "autoload": {
                "psr-4": {
                    "Laminas\\ServiceManager\\": "src/"
                }
            },
            "notification-url": "https://packagist.org/downloads/",
            "license": [
                "BSD-3-Clause"
            ],
            "description": "Factory-Driven Dependency Injection Container",
            "homepage": "https://laminas.dev",
            "keywords": [
                "PSR-11",
                "dependency-injection",
                "di",
                "dic",
                "laminas",
                "service-manager",
                "servicemanager"
            ],
            "funding": [
                {
                    "url": "https://funding.communitybridge.org/projects/laminas-project",
                    "type": "community_bridge"
                }
            ],
            "time": "2020-05-11T14:43:22+00:00"
        },
        {
            "name": "laminas/laminas-stdlib",
            "version": "3.2.1",
            "source": {
                "type": "git",
                "url": "https://github.com/laminas/laminas-stdlib.git",
                "reference": "2b18347625a2f06a1a485acfbc870f699dbe51c6"
            },
            "dist": {
                "type": "zip",
                "url": "https://api.github.com/repos/laminas/laminas-stdlib/zipball/2b18347625a2f06a1a485acfbc870f699dbe51c6",
                "reference": "2b18347625a2f06a1a485acfbc870f699dbe51c6",
                "shasum": ""
            },
            "require": {
                "laminas/laminas-zendframework-bridge": "^1.0",
                "php": "^5.6 || ^7.0"
            },
            "replace": {
                "zendframework/zend-stdlib": "self.version"
            },
            "require-dev": {
                "laminas/laminas-coding-standard": "~1.0.0",
                "phpbench/phpbench": "^0.13",
                "phpunit/phpunit": "^5.7.27 || ^6.5.8 || ^7.1.2"
            },
            "type": "library",
            "extra": {
                "branch-alias": {
                    "dev-master": "3.2.x-dev",
                    "dev-develop": "3.3.x-dev"
                }
            },
            "autoload": {
                "psr-4": {
                    "Laminas\\Stdlib\\": "src/"
                }
            },
            "notification-url": "https://packagist.org/downloads/",
            "license": [
                "BSD-3-Clause"
            ],
            "description": "SPL extensions, array utilities, error handlers, and more",
            "homepage": "https://laminas.dev",
            "keywords": [
                "laminas",
                "stdlib"
            ],
            "time": "2019-12-31T17:51:15+00:00"
        },
        {
            "name": "laminas/laminas-uri",
            "version": "2.7.1",
            "source": {
                "type": "git",
                "url": "https://github.com/laminas/laminas-uri.git",
                "reference": "6be8ce19622f359b048ce4faebf1aa1bca73a7ff"
            },
            "dist": {
                "type": "zip",
                "url": "https://api.github.com/repos/laminas/laminas-uri/zipball/6be8ce19622f359b048ce4faebf1aa1bca73a7ff",
                "reference": "6be8ce19622f359b048ce4faebf1aa1bca73a7ff",
                "shasum": ""
            },
            "require": {
                "laminas/laminas-escaper": "^2.5",
                "laminas/laminas-validator": "^2.10",
                "laminas/laminas-zendframework-bridge": "^1.0",
                "php": "^5.6 || ^7.0"
            },
            "replace": {
                "zendframework/zend-uri": "self.version"
            },
            "require-dev": {
                "laminas/laminas-coding-standard": "~1.0.0",
                "phpunit/phpunit": "^5.7.27 || ^6.5.8 || ^7.1.4"
            },
            "type": "library",
            "extra": {
                "branch-alias": {
                    "dev-master": "2.7.x-dev",
                    "dev-develop": "2.8.x-dev"
                }
            },
            "autoload": {
                "psr-4": {
                    "Laminas\\Uri\\": "src/"
                }
            },
            "notification-url": "https://packagist.org/downloads/",
            "license": [
                "BSD-3-Clause"
            ],
            "description": "A component that aids in manipulating and validating » Uniform Resource Identifiers (URIs)",
            "homepage": "https://laminas.dev",
            "keywords": [
                "laminas",
                "uri"
            ],
            "time": "2019-12-31T17:56:00+00:00"
        },
        {
            "name": "laminas/laminas-validator",
            "version": "2.13.4",
            "source": {
                "type": "git",
                "url": "https://github.com/laminas/laminas-validator.git",
                "reference": "93593684e70b8ed1e870cacd34ca32b0c0ace185"
            },
            "dist": {
                "type": "zip",
                "url": "https://api.github.com/repos/laminas/laminas-validator/zipball/93593684e70b8ed1e870cacd34ca32b0c0ace185",
                "reference": "93593684e70b8ed1e870cacd34ca32b0c0ace185",
                "shasum": ""
            },
            "require": {
                "container-interop/container-interop": "^1.1",
                "laminas/laminas-stdlib": "^3.2.1",
                "laminas/laminas-zendframework-bridge": "^1.0",
                "php": "^7.1"
            },
            "replace": {
                "zendframework/zend-validator": "^2.13.0"
            },
            "require-dev": {
                "laminas/laminas-cache": "^2.6.1",
                "laminas/laminas-coding-standard": "~1.0.0",
                "laminas/laminas-config": "^2.6",
                "laminas/laminas-db": "^2.7",
                "laminas/laminas-filter": "^2.6",
                "laminas/laminas-http": "^2.5.4",
                "laminas/laminas-i18n": "^2.6",
                "laminas/laminas-math": "^2.6",
                "laminas/laminas-servicemanager": "^2.7.5 || ^3.0.3",
                "laminas/laminas-session": "^2.8",
                "laminas/laminas-uri": "^2.5",
                "phpunit/phpunit": "^7.5.20 || ^8.5.2",
                "psr/http-client": "^1.0",
                "psr/http-factory": "^1.0",
                "psr/http-message": "^1.0"
            },
            "suggest": {
                "laminas/laminas-db": "Laminas\\Db component, required by the (No)RecordExists validator",
                "laminas/laminas-filter": "Laminas\\Filter component, required by the Digits validator",
                "laminas/laminas-i18n": "Laminas\\I18n component to allow translation of validation error messages",
                "laminas/laminas-i18n-resources": "Translations of validator messages",
                "laminas/laminas-math": "Laminas\\Math component, required by the Csrf validator",
                "laminas/laminas-servicemanager": "Laminas\\ServiceManager component to allow using the ValidatorPluginManager and validator chains",
                "laminas/laminas-session": "Laminas\\Session component, ^2.8; required by the Csrf validator",
                "laminas/laminas-uri": "Laminas\\Uri component, required by the Uri and Sitemap\\Loc validators",
                "psr/http-message": "psr/http-message, required when validating PSR-7 UploadedFileInterface instances via the Upload and UploadFile validators"
            },
            "type": "library",
            "extra": {
                "branch-alias": {
                    "dev-master": "2.13.x-dev",
                    "dev-develop": "2.14.x-dev"
                },
                "laminas": {
                    "component": "Laminas\\Validator",
                    "config-provider": "Laminas\\Validator\\ConfigProvider"
                }
            },
            "autoload": {
                "psr-4": {
                    "Laminas\\Validator\\": "src/"
                }
            },
            "notification-url": "https://packagist.org/downloads/",
            "license": [
                "BSD-3-Clause"
            ],
            "description": "Validation classes for a wide range of domains, and the ability to chain validators to create complex validation criteria",
            "homepage": "https://laminas.dev",
            "keywords": [
                "laminas",
                "validator"
            ],
            "time": "2020-03-31T18:57:01+00:00"
        },
        {
            "name": "laminas/laminas-view",
            "version": "2.11.4",
            "source": {
                "type": "git",
                "url": "https://github.com/laminas/laminas-view.git",
                "reference": "3bbb2e94287383604c898284a18d2d06cf17301e"
            },
            "dist": {
                "type": "zip",
                "url": "https://api.github.com/repos/laminas/laminas-view/zipball/3bbb2e94287383604c898284a18d2d06cf17301e",
                "reference": "3bbb2e94287383604c898284a18d2d06cf17301e",
                "shasum": ""
            },
            "require": {
                "laminas/laminas-eventmanager": "^2.6.2 || ^3.0",
                "laminas/laminas-json": "^2.6.1 || ^3.0",
                "laminas/laminas-loader": "^2.5",
                "laminas/laminas-stdlib": "^2.7 || ^3.0",
                "laminas/laminas-zendframework-bridge": "^1.0",
                "php": "^5.6 || ^7.0"
            },
            "replace": {
                "zendframework/zend-view": "self.version"
            },
            "require-dev": {
                "laminas/laminas-authentication": "^2.5",
                "laminas/laminas-cache": "^2.6.1",
                "laminas/laminas-coding-standard": "~1.0.0",
                "laminas/laminas-config": "^2.6",
                "laminas/laminas-console": "^2.6",
                "laminas/laminas-escaper": "^2.5",
                "laminas/laminas-feed": "^2.7",
                "laminas/laminas-filter": "^2.6.1",
                "laminas/laminas-http": "^2.5.4",
                "laminas/laminas-i18n": "^2.6",
                "laminas/laminas-log": "^2.7",
                "laminas/laminas-modulemanager": "^2.7.1",
                "laminas/laminas-mvc": "^2.7.14 || ^3.0",
                "laminas/laminas-navigation": "^2.5",
                "laminas/laminas-paginator": "^2.5",
                "laminas/laminas-permissions-acl": "^2.6",
                "laminas/laminas-router": "^3.0.1",
                "laminas/laminas-serializer": "^2.6.1",
                "laminas/laminas-servicemanager": "^2.7.5 || ^3.0.3",
                "laminas/laminas-session": "^2.8.1",
                "laminas/laminas-uri": "^2.5",
                "phpunit/phpunit": "^5.7.15 || ^6.0.8"
            },
            "suggest": {
                "laminas/laminas-authentication": "Laminas\\Authentication component",
                "laminas/laminas-escaper": "Laminas\\Escaper component",
                "laminas/laminas-feed": "Laminas\\Feed component",
                "laminas/laminas-filter": "Laminas\\Filter component",
                "laminas/laminas-http": "Laminas\\Http component",
                "laminas/laminas-i18n": "Laminas\\I18n component",
                "laminas/laminas-mvc": "Laminas\\Mvc component",
                "laminas/laminas-mvc-plugin-flashmessenger": "laminas-mvc-plugin-flashmessenger component, if you want to use the FlashMessenger view helper with laminas-mvc versions 3 and up",
                "laminas/laminas-navigation": "Laminas\\Navigation component",
                "laminas/laminas-paginator": "Laminas\\Paginator component",
                "laminas/laminas-permissions-acl": "Laminas\\Permissions\\Acl component",
                "laminas/laminas-servicemanager": "Laminas\\ServiceManager component",
                "laminas/laminas-uri": "Laminas\\Uri component"
            },
            "bin": [
                "bin/templatemap_generator.php"
            ],
            "type": "library",
            "extra": {
                "branch-alias": {
                    "dev-master": "2.11.x-dev",
                    "dev-develop": "2.12.x-dev"
                }
            },
            "autoload": {
                "psr-4": {
                    "Laminas\\View\\": "src/"
                }
            },
            "notification-url": "https://packagist.org/downloads/",
            "license": [
                "BSD-3-Clause"
            ],
            "description": "Flexible view layer supporting and providing multiple view layers, helpers, and more",
            "homepage": "https://laminas.dev",
            "keywords": [
                "laminas",
                "view"
            ],
            "time": "2019-12-31T18:03:30+00:00"
        },
        {
            "name": "laminas/laminas-zendframework-bridge",
            "version": "1.0.3",
            "source": {
                "type": "git",
                "url": "https://github.com/laminas/laminas-zendframework-bridge.git",
                "reference": "bfbbdb6c998d50dbf69d2187cb78a5f1fa36e1e9"
            },
            "dist": {
                "type": "zip",
                "url": "https://api.github.com/repos/laminas/laminas-zendframework-bridge/zipball/bfbbdb6c998d50dbf69d2187cb78a5f1fa36e1e9",
                "reference": "bfbbdb6c998d50dbf69d2187cb78a5f1fa36e1e9",
                "shasum": ""
            },
            "require": {
                "php": "^5.6 || ^7.0"
            },
            "require-dev": {
                "phpunit/phpunit": "^5.7 || ^6.5 || ^7.5 || ^8.1",
                "squizlabs/php_codesniffer": "^3.5"
            },
            "type": "library",
            "extra": {
                "branch-alias": {
                    "dev-master": "1.0.x-dev",
                    "dev-develop": "1.1.x-dev"
                },
                "laminas": {
                    "module": "Laminas\\ZendFrameworkBridge"
                }
            },
            "autoload": {
                "files": [
                    "src/autoload.php"
                ],
                "psr-4": {
                    "Laminas\\ZendFrameworkBridge\\": "src//"
                }
            },
            "notification-url": "https://packagist.org/downloads/",
            "license": [
                "BSD-3-Clause"
            ],
            "description": "Alias legacy ZF class names to Laminas Project equivalents.",
            "keywords": [
                "ZendFramework",
                "autoloading",
                "laminas",
                "zf"
            ],
            "funding": [
                {
                    "url": "https://funding.communitybridge.org/projects/laminas-project",
                    "type": "community_bridge"
                }
            ],
            "time": "2020-04-03T16:01:00+00:00"
        },
        {
            "name": "psr/container",
            "version": "1.0.0",
            "source": {
                "type": "git",
                "url": "https://github.com/php-fig/container.git",
                "reference": "b7ce3b176482dbbc1245ebf52b181af44c2cf55f"
            },
            "dist": {
                "type": "zip",
                "url": "https://api.github.com/repos/php-fig/container/zipball/b7ce3b176482dbbc1245ebf52b181af44c2cf55f",
                "reference": "b7ce3b176482dbbc1245ebf52b181af44c2cf55f",
                "shasum": ""
            },
            "require": {
                "php": ">=5.3.0"
            },
            "type": "library",
            "extra": {
                "branch-alias": {
                    "dev-master": "1.0.x-dev"
                }
            },
            "autoload": {
                "psr-4": {
                    "Psr\\Container\\": "src/"
                }
            },
            "notification-url": "https://packagist.org/downloads/",
            "license": [
                "MIT"
            ],
            "authors": [
                {
                    "name": "PHP-FIG",
                    "homepage": "http://www.php-fig.org/"
                }
            ],
            "description": "Common Container Interface (PHP FIG PSR-11)",
            "homepage": "https://github.com/php-fig/container",
            "keywords": [
                "PSR-11",
                "container",
                "container-interface",
                "container-interop",
                "psr"
            ],
            "time": "2017-02-14T16:28:37+00:00"
        }
    ],
    "packages-dev": [],
    "aliases": [],
    "minimum-stability": "dev",
    "stability-flags": [],
    "prefer-stable": true,
    "prefer-lowest": false,
    "platform": [],
    "platform-dev": [],
    "plugin-api-version": "1.1.0"
}
